
Microsoft Visual Studio Solution File, Format Version 12.00
# Visual Studio 15
VisualStudioVersion = 15.0.27703.2000
MinimumVisualStudioVersion = 10.0.40219.1
Project("{FAE04EC0-301F-11D3-BF4B-00C04F79EFBC}") = "reservation_system", "reservation_system\reservation_system.csproj", "{D106BB10-BF11-4FC9-9857-F0CB65EB4769}"
EndProject
Global
	GlobalSection(SolutionConfigurationPlatforms) = preSolution
		Debug|Any CPU = Debug|Any CPU
		Release|Any CPU = Release|Any CPU
	EndGlobalSection
	GlobalSection(ProjectConfigurationPlatforms) = postSolution
		{D106BB10-BF11-4FC9-9857-F0CB65EB4769}.Debug|Any CPU.ActiveCfg = Debug|Any CPU
		{D106BB10-BF11-4FC9-9857-F0CB65EB4769}.Debug|Any CPU.Build.0 = Debug|Any CPU
		{D106BB10-BF11-4FC9-9857-F0CB65EB4769}.Release|Any CPU.ActiveCfg = Release|Any CPU
		{D106BB10-BF11-4FC9-9857-F0CB65EB4769}.Release|Any CPU.Build.0 = Release|Any CPU
	EndGlobalSection
	GlobalSection(SolutionProperties) = preSolution
		HideSolutionNode = FALSE
	EndGlobalSection
	GlobalSection(ExtensibilityGlobals) = postSolution
		SolutionGuid = {906C6A10-CF66-4AD9-BA8C-B92265B9F974}
	EndGlobalSection
EndGlobal
